
Microsoft Visual Studio Solution File, Format Version 12.00
# Visual Studio 2013
VisualStudioVersion = 12.0.31101.0
MinimumVisualStudioVersion = 10.0.40219.1
Project("{FAE04EC0-301F-11D3-BF4B-00C04F79EFBC}") = "DokanApp", "DokanApp\DokanApp.csproj", "{D066F8BA-A2BA-4E7E-8308-CFC14213E049}"
EndProject
Project("{FAE04EC0-301F-11D3-BF4B-00C04F79EFBC}") = "Finance.CurrencyConverter", "Finance.CurrencyConverter\Finance.CurrencyConverter.csproj", "{045B088E-2C52-400D-B772-369E1E2F9F60}"
EndProject
Global
	GlobalSection(SolutionConfigurationPlatforms) = preSolution
		Debug|Any CPU = Debug|Any CPU
		Release|Any CPU = Release|Any CPU
	EndGlobalSection
	GlobalSection(ProjectConfigurationPlatforms) = postSolution
		{D066F8BA-A2BA-4E7E-8308-CFC14213E049}.Debug|Any CPU.ActiveCfg = Debug|Any CPU
		{D066F8BA-A2BA-4E7E-8308-CFC14213E049}.Debug|Any CPU.Build.0 = Debug|Any CPU
		{D066F8BA-A2BA-4E7E-8308-CFC14213E049}.Release|Any CPU.ActiveCfg = Release|Any CPU
		{D066F8BA-A2BA-4E7E-8308-CFC14213E049}.Release|Any CPU.Build.0 = Release|Any CPU
		{045B088E-2C52-400D-B772-369E1E2F9F60}.Debug|Any CPU.ActiveCfg = Debug|Any CPU
		{045B088E-2C52-400D-B772-369E1E2F9F60}.Debug|Any CPU.Build.0 = Debug|Any CPU
		{045B088E-2C52-400D-B772-369E1E2F9F60}.Release|Any CPU.ActiveCfg = Release|Any CPU
		{045B088E-2C52-400D-B772-369E1E2F9F60}.Release|Any CPU.Build.0 = Release|Any CPU
	EndGlobalSection
	GlobalSection(SolutionProperties) = preSolution
		HideSolutionNode = FALSE
	EndGlobalSection
EndGlobal
